# THIS IS AN AUTOGENERATED FILE. DO NOT EDIT THIS FILE DIRECTLY.
# yarn lockfile v1


"@vant/weapp@^1.10.24":
  version "1.10.24"
  resolved "https://registry.npmmirror.com/@vant/weapp/-/weapp-1.10.24.tgz"
  integrity sha512-oovAaaJq3mlB+wto5bHVCn/rov8IgRDg+gJXy6hPX0A3c9WF1GqLqSmoXyaktgidJ9IaV1RADd3PAFlw4lUsnQ==

dayjs@^1.11.9:
  version "1.11.9"
  resolved "https://registry.npmmirror.com/dayjs/-/dayjs-1.11.9.tgz"
  integrity sha512-QvzAURSbQ0pKdIye2txOzNaHmxtUBXerpY0FJsFXUMKbIZeFm5ht1LS/jFsrncjnmtv8HsG0W2g6c0zUjZWmpA==

document-player-miniprogram@^1.5.3:
  version "1.5.3"
  resolved "https://registry.npmmirror.com/document-player-miniprogram/-/document-player-miniprogram-1.5.3.tgz"
  integrity sha512-RdtjFOUMVy7ilJ/3UHq5wZqbTLRF/ilocExdTBSMdcAune2JTOs+Lw213nnfFdKF/3ppbt0iotW4/Bc2EkQ6bw==
